<?xml version="1.0" encoding="utf-8"?>
<Project ToolsVersion="4.0" xmlns="http://schemas.microsoft.com/developer/msbuild/2003">
  <ItemGroup>
    <Filter Include="Source Files">
      <UniqueIdentifier>{4FC737F1-C7A5-4376-A066-2A32D752A2FF}</UniqueIdentifier>
      <Extensions>cpp;c;cc;cxx;c++;cppm;ixx;def;odl;idl;hpj;bat;asm;asmx</Extensions>
    </Filter>
    <Filter Include="Header Files">
      <UniqueIdentifier>{93995380-89BD-4b04-88EB-625FBE52EBFB}</UniqueIdentifier>
      <Extensions>h;hh;hpp;hxx;h++;hm;inl;inc;ipp;xsd</Extensions>
    </Filter>
    <Filter Include="Resource Files">
      <UniqueIdentifier>{67DA6AB6-F800-4c08-8B7A-83BB121AAD01}</UniqueIdentifier>
      <Extensions>rc;ico;cur;bmp;dlg;rc2;rct;bin;rgs;gif;jpg;jpeg;jpe;resx;tiff;tif;png;wav;mfcribbon-ms</Extensions>
    </Filter>
    <Filter Include="Shaders">
      <UniqueIdentifier>{ffe358de-719d-4c15-bd46-4f3d4f2fb247}</UniqueIdentifier>
    </Filter>
    <Filter Include="Header Files\BindObjects">
      <UniqueIdentifier>{7889ae88-ed78-4864-9dd5-e7bcb1451abd}</UniqueIdentifier>
    </Filter>
    <Filter Include="Header Files\RenderObjects">
      <UniqueIdentifier>{d2052a33-fafc-44c3-8e79-8cebf1a4acb2}</UniqueIdentifier>
    </Filter>
    <Filter Include="Source Files\BindObjects">
      <UniqueIdentifier>{63cadadd-8884-410e-b713-44b8f4abfaf8}</UniqueIdentifier>
    </Filter>
    <Filter Include="Source Files\RenderObjects">
      <UniqueIdentifier>{4c42203f-f787-4ebf-8abc-2719ed692e39}</UniqueIdentifier>
    </Filter>
    <Filter Include="Header Files\Primitives">
      <UniqueIdentifier>{25b94c6c-55de-4f85-808c-d5ad95179fda}</UniqueIdentifier>
    </Filter>
  </ItemGroup>
  <ItemGroup>
    <ClCompile Include="WinMain.cpp">
      <Filter>Source Files</Filter>
    </ClCompile>
    <ClCompile Include="DTWindow.cpp">
      <Filter>Source Files</Filter>
    </ClCompile>
    <ClCompile Include="DTException.cpp">
      <Filter>Source Files</Filter>
    </ClCompile>
    <ClCompile Include="Keyboard.cpp">
      <Filter>Source Files</Filter>
    </ClCompile>
    <ClCompile Include="Mouse.cpp">
      <Filter>Source Files</Filter>
    </ClCompile>
    <ClCompile Include="DTApp.cpp">
      <Filter>Source Files</Filter>
    </ClCompile>
    <ClCompile Include="Timer.cpp">
      <Filter>Source Files</Filter>
    </ClCompile>
    <ClCompile Include="DTGraphics.cpp">
      <Filter>Source Files</Filter>
    </ClCompile>
    <ClCompile Include="DxgiInfoManager.cpp">
      <Filter>Source Files</Filter>
    </ClCompile>
    <ClCompile Include="DTRenderObjectBase.cpp">
      <Filter>Source Files\RenderObjects</Filter>
    </ClCompile>
    <ClCompile Include="DTBindObjectBase.cpp">
      <Filter>Source Files\BindObjects</Filter>
    </ClCompile>
    <ClCompile Include="BIndexBuffer.cpp">
      <Filter>Source Files\BindObjects</Filter>
    </ClCompile>
    <ClCompile Include="BInputLayout.cpp">
      <Filter>Source Files\BindObjects</Filter>
    </ClCompile>
    <ClCompile Include="BPixelShader.cpp">
      <Filter>Source Files\BindObjects</Filter>
    </ClCompile>
    <ClCompile Include="BVertexShader.cpp">
      <Filter>Source Files\BindObjects</Filter>
    </ClCompile>
    <ClCompile Include="DTSceneObject.cpp">
      <Filter>Source Files</Filter>
    </ClCompile>
    <ClCompile Include="BTopology.cpp">
      <Filter>Source Files\BindObjects</Filter>
    </ClCompile>
    <ClCompile Include="BVertexBuffer.cpp">
      <Filter>Source Files\BindObjects</Filter>
    </ClCompile>
    <ClCompile Include="RBox.cpp">
      <Filter>Source Files\RenderObjects</Filter>
    </ClCompile>
    <ClCompile Include="IndexedTriangleList.h">
      <Filter>Header Files</Filter>
    </ClCompile>
    <ClCompile Include="BTexture.cpp">
      <Filter>Source Files\BindObjects</Filter>
    </ClCompile>
    <ClCompile Include="BTransform.cpp">
      <Filter>Source Files\BindObjects</Filter>
    </ClCompile>
    <ClCompile Include="RTexPlane.cpp">
      <Filter>Source Files\RenderObjects</Filter>
    </ClCompile>
    <ClCompile Include="BSampler.cpp">
      <Filter>Source Files\BindObjects</Filter>
    </ClCompile>
    <ClCompile Include="RMesh.cpp">
      <Filter>Source Files\RenderObjects</Filter>
    </ClCompile>
    <ClCompile Include="LPointLight.cpp">
      <Filter>Source Files</Filter>
    </ClCompile>
    <ClCompile Include="DTCamera.cpp">
      <Filter>Source Files</Filter>
    </ClCompile>
    <ClCompile Include="BMaterial.cpp">
      <Filter>Source Files\BindObjects</Filter>
    </ClCompile>
    <ClCompile Include="RenderTargetTexture.cpp">
      <Filter>Source Files</Filter>
    </ClCompile>
    <ClCompile Include="DepthStencilTexture.cpp">
      <Filter>Source Files</Filter>
    </ClCompile>
    <ClCompile Include="PostProcessPass.cpp">
      <Filter>Source Files</Filter>
    </ClCompile>
    <ClCompile Include="RMultiMesh.cpp">
      <Filter>Source Files\RenderObjects</Filter>
    </ClCompile>
    <ClCompile Include="LLightGroup.cpp">
      <Filter>Source Files</Filter>
    </ClCompile>
    <ClCompile Include="GBuffer.cpp">
      <Filter>Source Files</Filter>
    </ClCompile>
    <ClCompile Include="BDomainShader.cpp">
      <Filter>Source Files\BindObjects</Filter>
    </ClCompile>
    <ClCompile Include="BHullShader.cpp">
      <Filter>Source Files\BindObjects</Filter>
    </ClCompile>
    <ClCompile Include="DTRenderQueue.cpp">
      <Filter>Source Files</Filter>
    </ClCompile>
    <ClCompile Include="DTScene.cpp">
      <Filter>Source Files</Filter>
    </ClCompile>
  </ItemGroup>
  <ItemGroup>
    <ClInclude Include="DTWnds.h">
      <Filter>Header Files</Filter>
    </ClInclude>
    <ClInclude Include="DTWindow.h">
      <Filter>Header Files</Filter>
    </ClInclude>
    <ClInclude Include="DTException.h">
      <Filter>Header Files</Filter>
    </ClInclude>
    <ClInclude Include="Keyboard.h">
      <Filter>Header Files</Filter>
    </ClInclude>
    <ClInclude Include="Mouse.h">
      <Filter>Header Files</Filter>
    </ClInclude>
    <ClInclude Include="DTApp.h">
      <Filter>Header Files</Filter>
    </ClInclude>
    <ClInclude Include="Timer.h">
      <Filter>Header Files</Filter>
    </ClInclude>
    <ClInclude Include="DTGraphics.h">
      <Filter>Header Files</Filter>
    </ClInclude>
    <ClInclude Include="DxgiInfoManager.h">
      <Filter>Header Files</Filter>
    </ClInclude>
    <ClInclude Include="DTThrowMacros.h">
      <Filter>Source Files</Filter>
    </ClInclude>
    <ClInclude Include="DTRenderObjectBase.h">
      <Filter>Header Files\RenderObjects</Filter>
    </ClInclude>
    <ClInclude Include="DTBindObjectBase.h">
      <Filter>Header Files\BindObjects</Filter>
    </ClInclude>
    <ClInclude Include="BIndexBuffer.h">
      <Filter>Header Files\BindObjects</Filter>
    </ClInclude>
    <ClInclude Include="BInputLayout.h">
      <Filter>Header Files\BindObjects</Filter>
    </ClInclude>
    <ClInclude Include="DTConfig.h">
      <Filter>Header Files</Filter>
    </ClInclude>
    <ClInclude Include="BPixelShader.h">
      <Filter>Header Files\BindObjects</Filter>
    </ClInclude>
    <ClInclude Include="BVertexShader.h">
      <Filter>Header Files\BindObjects</Filter>
    </ClInclude>
    <ClInclude Include="DTSceneObject.h">
      <Filter>Header Files</Filter>
    </ClInclude>
    <ClInclude Include="BConstantBuffer.h">
      <Filter>Header Files\BindObjects</Filter>
    </ClInclude>
    <ClInclude Include="BTopology.h">
      <Filter>Header Files\BindObjects</Filter>
    </ClInclude>
    <ClInclude Include="BVertexBuffer.h">
      <Filter>Header Files\BindObjects</Filter>
    </ClInclude>
    <ClInclude Include="RBox.h">
      <Filter>Header Files\RenderObjects</Filter>
    </ClInclude>
    <ClInclude Include="Vertex.h">
      <Filter>Header Files</Filter>
    </ClInclude>
    <ClInclude Include="stb_image.h">
      <Filter>Header Files</Filter>
    </ClInclude>
    <ClInclude Include="BTexture.h">
      <Filter>Header Files\BindObjects</Filter>
    </ClInclude>
    <ClInclude Include="BTransform.h">
      <Filter>Header Files\BindObjects</Filter>
    </ClInclude>
    <ClInclude Include="RTexPlane.h">
      <Filter>Header Files\RenderObjects</Filter>
    </ClInclude>
    <ClInclude Include="Cube.h">
      <Filter>Header Files\Primitives</Filter>
    </ClInclude>
    <ClInclude Include="Plane.h">
      <Filter>Header Files\Primitives</Filter>
    </ClInclude>
    <ClInclude Include="BSampler.h">
      <Filter>Header Files\BindObjects</Filter>
    </ClInclude>
    <ClInclude Include="RMesh.h">
      <Filter>Header Files\RenderObjects</Filter>
    </ClInclude>
    <ClInclude Include="LPointLight.h">
      <Filter>Header Files</Filter>
    </ClInclude>
    <ClInclude Include="DTCamera.h">
      <Filter>Header Files</Filter>
    </ClInclude>
    <ClInclude Include="DTMath.h">
      <Filter>Header Files</Filter>
    </ClInclude>
    <ClInclude Include="BMaterial.h">
      <Filter>Header Files\BindObjects</Filter>
    </ClInclude>
    <ClInclude Include="RenderTargetTexture.h">
      <Filter>Header Files</Filter>
    </ClInclude>
    <ClInclude Include="DepthStencilTexture.h">
      <Filter>Header Files</Filter>
    </ClInclude>
    <ClInclude Include="PostProcessPass.h">
      <Filter>Header Files</Filter>
    </ClInclude>
    <ClInclude Include="RMultiMesh.h">
      <Filter>Header Files\RenderObjects</Filter>
    </ClInclude>
    <ClInclude Include="LLightGroup.h">
      <Filter>Header Files</Filter>
    </ClInclude>
    <ClInclude Include="GBuffer.h">
      <Filter>Header Files</Filter>
    </ClInclude>
    <ClInclude Include="BHullShader.h">
      <Filter>Header Files\BindObjects</Filter>
    </ClInclude>
    <ClInclude Include="BDomainShader.h">
      <Filter>Header Files\BindObjects</Filter>
    </ClInclude>
    <ClInclude Include="DTRenderQueue.h">
      <Filter>Header Files</Filter>
    </ClInclude>
    <ClInclude Include="DTScene.h">
      <Filter>Header Files</Filter>
    </ClInclude>
  </ItemGroup>
  <ItemGroup>
    <FxCompile Include="SimpleVertexShader.hlsl">
      <Filter>Shaders</Filter>
    </FxCompile>
    <FxCompile Include="SimplePixelShader.hlsl">
      <Filter>Shaders</Filter>
    </FxCompile>
    <FxCompile Include="PlaneTexVS.hlsl">
      <Filter>Shaders</Filter>
    </FxCompile>
    <FxCompile Include="PlaneTexPS.hlsl">
      <Filter>Shaders</Filter>
    </FxCompile>
    <FxCompile Include="DefaultPostProcessVS.hlsl">
      <Filter>Shaders</Filter>
    </FxCompile>
    <FxCompile Include="OldSchoolPS.hlsl">
      <Filter>Shaders</Filter>
    </FxCompile>
    <FxCompile Include="DefferedCollectionVS.hlsl">
      <Filter>Shaders</Filter>
    </FxCompile>
    <FxCompile Include="DefferedCollectionPS.hlsl">
      <Filter>Shaders</Filter>
    </FxCompile>
    <FxCompile Include="DefferedFinalPS.hlsl">
      <Filter>Shaders</Filter>
    </FxCompile>
    <FxCompile Include="DistanceTessHS.hlsl">
      <Filter>Shaders</Filter>
    </FxCompile>
    <FxCompile Include="DistanceTessDS.hlsl">
      <Filter>Shaders</Filter>
    </FxCompile>
  </ItemGroup>
</Project>